
Microsoft Visual Studio Solution File, Format Version 12.00
# Visual Studio Version 16
VisualStudioVersion = 16.6.30114.105
MinimumVisualStudioVersion = 10.0.40219.1
Project("{FAE04EC0-301F-11D3-BF4B-00C04F79EFBC}") = "RouterLayer", "RouterLayer\RouterLayer.csproj", "{7F9AF894-876C-4FCD-B442-DA96B2A3739B}"
EndProject
Project("{FAE04EC0-301F-11D3-BF4B-00C04F79EFBC}") = "ServiceLayer", "ServiceLayer\ServiceLayer.csproj", "{7B455EB4-6FA7-4811-ACED-FA95C425A52D}"
EndProject
Project("{FAE04EC0-301F-11D3-BF4B-00C04F79EFBC}") = "DataLayer", "DataLayer\DataLayer.csproj", "{2ADD889E-7436-4ADD-8A99-3ED7BA4C0B6E}"
EndProject
Project("{FAE04EC0-301F-11D3-BF4B-00C04F79EFBC}") = "EntitiesLayer", "EntitiesLayer\EntitiesLayer.csproj", "{195F1873-9C3F-4521-9B9C-A9071FB2E5E6}"
EndProject
Global
	GlobalSection(SolutionConfigurationPlatforms) = preSolution
		Debug|Any CPU = Debug|Any CPU
		Debug|x64 = Debug|x64
		Debug|x86 = Debug|x86
		Release|Any CPU = Release|Any CPU
		Release|x64 = Release|x64
		Release|x86 = Release|x86
	EndGlobalSection
	GlobalSection(SolutionProperties) = preSolution
		HideSolutionNode = FALSE
	EndGlobalSection
	GlobalSection(ProjectConfigurationPlatforms) = postSolution
		{7F9AF894-876C-4FCD-B442-DA96B2A3739B}.Debug|Any CPU.ActiveCfg = Debug|Any CPU
		{7F9AF894-876C-4FCD-B442-DA96B2A3739B}.Debug|Any CPU.Build.0 = Debug|Any CPU
		{7F9AF894-876C-4FCD-B442-DA96B2A3739B}.Debug|x64.ActiveCfg = Debug|Any CPU
		{7F9AF894-876C-4FCD-B442-DA96B2A3739B}.Debug|x64.Build.0 = Debug|Any CPU
		{7F9AF894-876C-4FCD-B442-DA96B2A3739B}.Debug|x86.ActiveCfg = Debug|Any CPU
		{7F9AF894-876C-4FCD-B442-DA96B2A3739B}.Debug|x86.Build.0 = Debug|Any CPU
		{7F9AF894-876C-4FCD-B442-DA96B2A3739B}.Release|Any CPU.ActiveCfg = Release|Any CPU
		{7F9AF894-876C-4FCD-B442-DA96B2A3739B}.Release|Any CPU.Build.0 = Release|Any CPU
		{7F9AF894-876C-4FCD-B442-DA96B2A3739B}.Release|x64.ActiveCfg = Release|Any CPU
		{7F9AF894-876C-4FCD-B442-DA96B2A3739B}.Release|x64.Build.0 = Release|Any CPU
		{7F9AF894-876C-4FCD-B442-DA96B2A3739B}.Release|x86.ActiveCfg = Release|Any CPU
		{7F9AF894-876C-4FCD-B442-DA96B2A3739B}.Release|x86.Build.0 = Release|Any CPU
		{7B455EB4-6FA7-4811-ACED-FA95C425A52D}.Debug|Any CPU.ActiveCfg = Debug|Any CPU
		{7B455EB4-6FA7-4811-ACED-FA95C425A52D}.Debug|Any CPU.Build.0 = Debug|Any CPU
		{7B455EB4-6FA7-4811-ACED-FA95C425A52D}.Debug|x64.ActiveCfg = Debug|Any CPU
		{7B455EB4-6FA7-4811-ACED-FA95C425A52D}.Debug|x64.Build.0 = Debug|Any CPU
		{7B455EB4-6FA7-4811-ACED-FA95C425A52D}.Debug|x86.ActiveCfg = Debug|Any CPU
		{7B455EB4-6FA7-4811-ACED-FA95C425A52D}.Debug|x86.Build.0 = Debug|Any CPU
		{7B455EB4-6FA7-4811-ACED-FA95C425A52D}.Release|Any CPU.ActiveCfg = Release|Any CPU
		{7B455EB4-6FA7-4811-ACED-FA95C425A52D}.Release|Any CPU.Build.0 = Release|Any CPU
		{7B455EB4-6FA7-4811-ACED-FA95C425A52D}.Release|x64.ActiveCfg = Release|Any CPU
		{7B455EB4-6FA7-4811-ACED-FA95C425A52D}.Release|x64.Build.0 = Release|Any CPU
		{7B455EB4-6FA7-4811-ACED-FA95C425A52D}.Release|x86.ActiveCfg = Release|Any CPU
		{7B455EB4-6FA7-4811-ACED-FA95C425A52D}.Release|x86.Build.0 = Release|Any CPU
		{2ADD889E-7436-4ADD-8A99-3ED7BA4C0B6E}.Debug|Any CPU.ActiveCfg = Debug|Any CPU
		{2ADD889E-7436-4ADD-8A99-3ED7BA4C0B6E}.Debug|Any CPU.Build.0 = Debug|Any CPU
		{2ADD889E-7436-4ADD-8A99-3ED7BA4C0B6E}.Debug|x64.ActiveCfg = Debug|Any CPU
		{2ADD889E-7436-4ADD-8A99-3ED7BA4C0B6E}.Debug|x64.Build.0 = Debug|Any CPU
		{2ADD889E-7436-4ADD-8A99-3ED7BA4C0B6E}.Debug|x86.ActiveCfg = Debug|Any CPU
		{2ADD889E-7436-4ADD-8A99-3ED7BA4C0B6E}.Debug|x86.Build.0 = Debug|Any CPU
		{2ADD889E-7436-4ADD-8A99-3ED7BA4C0B6E}.Release|Any CPU.ActiveCfg = Release|Any CPU
		{2ADD889E-7436-4ADD-8A99-3ED7BA4C0B6E}.Release|Any CPU.Build.0 = Release|Any CPU
		{2ADD889E-7436-4ADD-8A99-3ED7BA4C0B6E}.Release|x64.ActiveCfg = Release|Any CPU
		{2ADD889E-7436-4ADD-8A99-3ED7BA4C0B6E}.Release|x64.Build.0 = Release|Any CPU
		{2ADD889E-7436-4ADD-8A99-3ED7BA4C0B6E}.Release|x86.ActiveCfg = Release|Any CPU
		{2ADD889E-7436-4ADD-8A99-3ED7BA4C0B6E}.Release|x86.Build.0 = Release|Any CPU
		{195F1873-9C3F-4521-9B9C-A9071FB2E5E6}.Debug|Any CPU.ActiveCfg = Debug|Any CPU
		{195F1873-9C3F-4521-9B9C-A9071FB2E5E6}.Debug|Any CPU.Build.0 = Debug|Any CPU
		{195F1873-9C3F-4521-9B9C-A9071FB2E5E6}.Debug|x64.ActiveCfg = Debug|Any CPU
		{195F1873-9C3F-4521-9B9C-A9071FB2E5E6}.Debug|x64.Build.0 = Debug|Any CPU
		{195F1873-9C3F-4521-9B9C-A9071FB2E5E6}.Debug|x86.ActiveCfg = Debug|Any CPU
		{195F1873-9C3F-4521-9B9C-A9071FB2E5E6}.Debug|x86.Build.0 = Debug|Any CPU
		{195F1873-9C3F-4521-9B9C-A9071FB2E5E6}.Release|Any CPU.ActiveCfg = Release|Any CPU
		{195F1873-9C3F-4521-9B9C-A9071FB2E5E6}.Release|Any CPU.Build.0 = Release|Any CPU
		{195F1873-9C3F-4521-9B9C-A9071FB2E5E6}.Release|x64.ActiveCfg = Release|Any CPU
		{195F1873-9C3F-4521-9B9C-A9071FB2E5E6}.Release|x64.Build.0 = Release|Any CPU
		{195F1873-9C3F-4521-9B9C-A9071FB2E5E6}.Release|x86.ActiveCfg = Release|Any CPU
		{195F1873-9C3F-4521-9B9C-A9071FB2E5E6}.Release|x86.Build.0 = Release|Any CPU
	EndGlobalSection
EndGlobal
